Microsoft Visual Studio Solution File, Format Version 12.00
# SQL Server Management Studio Version 21
VisualStudioVersion = 17.5.2.0
MinimumVisualStudioVersion = 10.0.40219.1
Project("{FAE04EC0-301F-11D3-BF4B-00C04F79EFBC}") = "TrilhaApiDesafio", "TrilhaApiDesafio.csproj", "{0FA4A2BD-0B92-5E85-E87C-176D79B2DDC0}"
EndProject
Global
	GlobalSection(SolutionConfigurationPlatforms) = preSolution
		Debug|Any CPU = Debug|Any CPU
		Default|Any CPU = Default|Any CPU
		Release|Any CPU = Release|Any CPU
	EndGlobalSection
	GlobalSection(ProjectConfigurationPlatforms) = postSolution
		{0FA4A2BD-0B92-5E85-E87C-176D79B2DDC0}.Debug|Any CPU.ActiveCfg = Debug|Any CPU
		{0FA4A2BD-0B92-5E85-E87C-176D79B2DDC0}.Debug|Any CPU.Build.0 = Debug|Any CPU
		{0FA4A2BD-0B92-5E85-E87C-176D79B2DDC0}.Default|Any CPU.ActiveCfg = Release|Any CPU
		{0FA4A2BD-0B92-5E85-E87C-176D79B2DDC0}.Release|Any CPU.ActiveCfg = Release|Any CPU
		{0FA4A2BD-0B92-5E85-E87C-176D79B2DDC0}.Release|Any CPU.Build.0 = Release|Any CPU
		{5C42B2FB-665F-476B-878A-026F08D35EA7}.Debug|Any CPU.ActiveCfg = Default
		{5C42B2FB-665F-476B-878A-026F08D35EA7}.Default|Any CPU.ActiveCfg = Default
		{5C42B2FB-665F-476B-878A-026F08D35EA7}.Release|Any CPU.ActiveCfg = Default
	EndGlobalSection
	GlobalSection(SolutionProperties) = preSolution
		HideSolutionNode = FALSE
	EndGlobalSection
	GlobalSection(ExtensibilityGlobals) = postSolution
		SolutionGuid = {015FFC2F-2F04-4914-BFAC-375E8648AE27}
	EndGlobalSection
EndGlobal
